
Microsoft Visual Studio Solution File, Format Version 12.00
# Visual Studio Version 17
VisualStudioVersion = 17.8.34309.116
MinimumVisualStudioVersion = 10.0.40219.1
Project("{9A19103F-16F7-4668-BE54-9A1E7A4F7556}") = "Assignment02", "Assignment02\Assignment02.csproj", "{8C130D98-64C9-46E1-8122-55C27E6B3D5B}"
EndProject
Project("{FAE04EC0-301F-11D3-BF4B-00C04F79EFBC}") = "Assignment02.Tests", "Assignment02.Tests\Assignment02.Tests.csproj", "{1D524F49-4833-4B6A-B9F8-735E53ECF702}"
EndProject
Global
	GlobalSection(SolutionConfigurationPlatforms) = preSolution
		Debug|Any CPU = Debug|Any CPU
		Release|Any CPU = Release|Any CPU
	EndGlobalSection
	GlobalSection(ProjectConfigurationPlatforms) = postSolution
		{8C130D98-64C9-46E1-8122-55C27E6B3D5B}.Debug|Any CPU.ActiveCfg = Debug|Any CPU
		{8C130D98-64C9-46E1-8122-55C27E6B3D5B}.Debug|Any CPU.Build.0 = Debug|Any CPU
		{8C130D98-64C9-46E1-8122-55C27E6B3D5B}.Release|Any CPU.ActiveCfg = Release|Any CPU
		{8C130D98-64C9-46E1-8122-55C27E6B3D5B}.Release|Any CPU.Build.0 = Release|Any CPU
		{1D524F49-4833-4B6A-B9F8-735E53ECF702}.Debug|Any CPU.ActiveCfg = Debug|Any CPU
		{1D524F49-4833-4B6A-B9F8-735E53ECF702}.Debug|Any CPU.Build.0 = Debug|Any CPU
		{1D524F49-4833-4B6A-B9F8-735E53ECF702}.Release|Any CPU.ActiveCfg = Release|Any CPU
		{1D524F49-4833-4B6A-B9F8-735E53ECF702}.Release|Any CPU.Build.0 = Release|Any CPU
	EndGlobalSection
	GlobalSection(SolutionProperties) = preSolution
		HideSolutionNode = FALSE
	EndGlobalSection
	GlobalSection(ExtensibilityGlobals) = postSolution
		SolutionGuid = {D1C4305D-ADE0-4B04-A52D-A7B280B1F4D8}
	EndGlobalSection
EndGlobal
